
Microsoft Visual Studio Solution File, Format Version 12.00
# Visual Studio Version 16
VisualStudioVersion = 16.0.29318.209
MinimumVisualStudioVersion = 10.0.40219.1
Project("{9A19103F-16F7-4668-BE54-9A1E7A4F7556}") = "MovieFileLibrary", "MovieFileLibrary\MovieFileLibrary.csproj", "{FD4F582E-9B1A-44D4-8141-723CCE3DFB9A}"
EndProject
Project("{9A19103F-16F7-4668-BE54-9A1E7A4F7556}") = "MovieFileLibrary.Tests", "MovieFileLibrary.Tests\MovieFileLibrary.Tests.csproj", "{2EF29110-E5EF-40B8-A46D-477CCB7E8C9B}"
EndProject
Project("{9A19103F-16F7-4668-BE54-9A1E7A4F7556}") = "Demo", "Demo\Demo.csproj", "{40FB9ED8-088C-4727-A4F8-494318D8FB73}"
EndProject
Project("{2150E333-8FDC-42A3-9474-1A3956D46DE8}") = "Solution Items", "Solution Items", "{D00E7421-6DA6-4BC0-B9B3-54A28032F5CB}"
	ProjectSection(SolutionItems) = preProject
		.editorconfig = .editorconfig
		..\README.MD = ..\README.MD
	EndProjectSection
EndProject
Global
	GlobalSection(SolutionConfigurationPlatforms) = preSolution
		Debug|Any CPU = Debug|Any CPU
		Release|Any CPU = Release|Any CPU
	EndGlobalSection
	GlobalSection(ProjectConfigurationPlatforms) = postSolution
		{FD4F582E-9B1A-44D4-8141-723CCE3DFB9A}.Debug|Any CPU.ActiveCfg = Debug|Any CPU
		{FD4F582E-9B1A-44D4-8141-723CCE3DFB9A}.Debug|Any CPU.Build.0 = Debug|Any CPU
		{FD4F582E-9B1A-44D4-8141-723CCE3DFB9A}.Release|Any CPU.ActiveCfg = Release|Any CPU
		{FD4F582E-9B1A-44D4-8141-723CCE3DFB9A}.Release|Any CPU.Build.0 = Release|Any CPU
		{2EF29110-E5EF-40B8-A46D-477CCB7E8C9B}.Debug|Any CPU.ActiveCfg = Debug|Any CPU
		{2EF29110-E5EF-40B8-A46D-477CCB7E8C9B}.Debug|Any CPU.Build.0 = Debug|Any CPU
		{2EF29110-E5EF-40B8-A46D-477CCB7E8C9B}.Release|Any CPU.ActiveCfg = Release|Any CPU
		{2EF29110-E5EF-40B8-A46D-477CCB7E8C9B}.Release|Any CPU.Build.0 = Release|Any CPU
		{40FB9ED8-088C-4727-A4F8-494318D8FB73}.Debug|Any CPU.ActiveCfg = Debug|Any CPU
		{40FB9ED8-088C-4727-A4F8-494318D8FB73}.Debug|Any CPU.Build.0 = Debug|Any CPU
		{40FB9ED8-088C-4727-A4F8-494318D8FB73}.Release|Any CPU.ActiveCfg = Release|Any CPU
		{40FB9ED8-088C-4727-A4F8-494318D8FB73}.Release|Any CPU.Build.0 = Release|Any CPU
	EndGlobalSection
	GlobalSection(SolutionProperties) = preSolution
		HideSolutionNode = FALSE
	EndGlobalSection
	GlobalSection(ExtensibilityGlobals) = postSolution
		SolutionGuid = {A4D0D692-7DF3-45F9-9BE3-BA94457AAF96}
	EndGlobalSection
EndGlobal
